
Microsoft Visual Studio Solution File, Format Version 12.00
# Visual Studio Version 17
VisualStudioVersion = 17.0.31903.59
MinimumVisualStudioVersion = 10.0.40219.1
Project("{FAE04EC0-301F-11D3-BF4B-00C04F79EFBC}") = "UnitTestingAPIs.ControllerBased", "UnitTestingAPIs.ControllerBased\UnitTestingAPIs.ControllerBased.csproj", "{11E8D3CA-8495-4112-B01D-CB15C22962E6}"
EndProject
Project("{FAE04EC0-301F-11D3-BF4B-00C04F79EFBC}") = "UnitTestingAPIs.Minimal", "UnitTestingAPIs.Minimal\UnitTestingAPIs.Minimal.csproj", "{FC0176AB-4C68-4BD2-B703-60F27CD014FB}"
EndProject
Project("{FAE04EC0-301F-11D3-BF4B-00C04F79EFBC}") = "UnitTestingAPIs.UnitTests", "UnitTestingAPIs.UnitTests\UnitTestingAPIs.UnitTests.csproj", "{24B94E20-614D-47FD-888E-9013E2A4B0CE}"
EndProject
Global
	GlobalSection(SolutionConfigurationPlatforms) = preSolution
		Debug|Any CPU = Debug|Any CPU
		Release|Any CPU = Release|Any CPU
	EndGlobalSection
	GlobalSection(SolutionProperties) = preSolution
		HideSolutionNode = FALSE
	EndGlobalSection
	GlobalSection(ProjectConfigurationPlatforms) = postSolution
		{11E8D3CA-8495-4112-B01D-CB15C22962E6}.Debug|Any CPU.ActiveCfg = Debug|Any CPU
		{11E8D3CA-8495-4112-B01D-CB15C22962E6}.Debug|Any CPU.Build.0 = Debug|Any CPU
		{11E8D3CA-8495-4112-B01D-CB15C22962E6}.Release|Any CPU.ActiveCfg = Release|Any CPU
		{11E8D3CA-8495-4112-B01D-CB15C22962E6}.Release|Any CPU.Build.0 = Release|Any CPU
		{FC0176AB-4C68-4BD2-B703-60F27CD014FB}.Debug|Any CPU.ActiveCfg = Debug|Any CPU
		{FC0176AB-4C68-4BD2-B703-60F27CD014FB}.Debug|Any CPU.Build.0 = Debug|Any CPU
		{FC0176AB-4C68-4BD2-B703-60F27CD014FB}.Release|Any CPU.ActiveCfg = Release|Any CPU
		{FC0176AB-4C68-4BD2-B703-60F27CD014FB}.Release|Any CPU.Build.0 = Release|Any CPU
		{24B94E20-614D-47FD-888E-9013E2A4B0CE}.Debug|Any CPU.ActiveCfg = Debug|Any CPU
		{24B94E20-614D-47FD-888E-9013E2A4B0CE}.Debug|Any CPU.Build.0 = Debug|Any CPU
		{24B94E20-614D-47FD-888E-9013E2A4B0CE}.Release|Any CPU.ActiveCfg = Release|Any CPU
		{24B94E20-614D-47FD-888E-9013E2A4B0CE}.Release|Any CPU.Build.0 = Release|Any CPU
	EndGlobalSection
EndGlobal
